
Microsoft Visual Studio Solution File, Format Version 12.00
# Visual Studio Version 17
VisualStudioVersion = 17.3.32901.215
MinimumVisualStudioVersion = 10.0.40219.1
Project("{FAE04EC0-301F-11D3-BF4B-00C04F79EFBC}") = "RASGELE RANDOM ÖRNEK-1473", "RASGELE RANDOM ÖRNEK-1473\RASGELE RANDOM ÖRNEK-1473.csproj", "{614FD6DB-400E-426B-B580-10626262E058}"
EndProject
Global
	GlobalSection(SolutionConfigurationPlatforms) = preSolution
		Debug|Any CPU = Debug|Any CPU
		Release|Any CPU = Release|Any CPU
	EndGlobalSection
	GlobalSection(ProjectConfigurationPlatforms) = postSolution
		{614FD6DB-400E-426B-B580-10626262E058}.Debug|Any CPU.ActiveCfg = Debug|Any CPU
		{614FD6DB-400E-426B-B580-10626262E058}.Debug|Any CPU.Build.0 = Debug|Any CPU
		{614FD6DB-400E-426B-B580-10626262E058}.Release|Any CPU.ActiveCfg = Release|Any CPU
		{614FD6DB-400E-426B-B580-10626262E058}.Release|Any CPU.Build.0 = Release|Any CPU
	EndGlobalSection
	GlobalSection(SolutionProperties) = preSolution
		HideSolutionNode = FALSE
	EndGlobalSection
	GlobalSection(ExtensibilityGlobals) = postSolution
		SolutionGuid = {808AC947-E829-4D1C-896B-8AFC046386B7}
	EndGlobalSection
EndGlobal
